# THIS IS AN AUTOGENERATED FILE. DO NOT EDIT THIS FILE DIRECTLY.
# yarn lockfile v1


"@types/js-yaml@^4.0.5":
  version "4.0.5"
  resolved "https://registry.npmmirror.com/@types/js-yaml/-/js-yaml-4.0.5.tgz#738dd390a6ecc5442f35e7f03fa1431353f7e138"
  integrity sha512-FhpRzf927MNQdRZP0J5DLIdTXhjLYzeUTmLAu69mnVksLH9CJY3IuSeEgbKUki7GQZm0WqDkGzyxju2EZGD2wA==

"@types/node@^17.0.29":
  version "17.0.29"
  resolved "https://registry.npmmirror.com/@types/node/-/node-17.0.29.tgz#7f2e1159231d4a077bb660edab0fde373e375a3d"
  integrity sha512-tx5jMmMFwx7wBwq/V7OohKDVb/JwJU5qCVkeLMh1//xycAJ/ESuw9aJ9SEtlCZDYi2pBfe4JkisSoAtbOsBNAA==

argparse@^2.0.1:
  version "2.0.1"
  resolved "https://registry.npmmirror.com/argparse/-/argparse-2.0.1.tgz#246f50f3ca78a3240f6c997e8a9bd1eac49e4b38"
  integrity sha512-8+9WqebbFzpX9OR+Wa6O29asIogeRMzcGtAINdpMHHyAg10f05aSFVBbcEqGf/PXw1EjAZ+q2/bEBg3DvurK3Q==

commander@^9.4.0:
  version "9.4.0"
  resolved "https://registry.yarnpkg.com/commander/-/commander-9.4.0.tgz#bc4a40918fefe52e22450c111ecd6b7acce6f11c"
  integrity sha512-sRPT+umqkz90UA8M1yqYfnHlZA7fF6nSphDtxeywPZ49ysjxDQybzk13CL+mXekDRG92skbcqCLVovuCusNmFw==

js-yaml@^4.1.0:
  version "4.1.0"
  resolved "https://registry.npmmirror.com/js-yaml/-/js-yaml-4.1.0.tgz#c1fb65f8f5017901cdd2c951864ba18458a10602"
  integrity sha512-wpxZs9NoxZaJESJGIZTyDEaYpl0FKSA+FB9aJiyemKhMwkxQg63h4T1KJgUGHpTqPDNRcmmYLugrRjJlBtWvRA==
  dependencies:
    argparse "^2.0.1"

typescript@^4.6.3:
  version "4.6.3"
  resolved "https://registry.npmmirror.com/typescript/-/typescript-4.6.3.tgz#eefeafa6afdd31d725584c67a0eaba80f6fc6c6c"
  integrity sha512-yNIatDa5iaofVozS/uQJEl3JRWLKKGJKh6Yaiv0GLGSuhpFJe7P3SbHZ8/yjAHRQwKRoA6YZqlfjXWmVzoVSMw==
